{"1.1.0",
[{<<"cowboy">>,{pkg,<<"cowboy">>,<<"2.0.0">>},0},
 {<<"cowlib">>,{pkg,<<"cowlib">>,<<"2.0.0">>},1},
 {<<"fast_tls">>,{pkg,<<"fast_tls">>,<<"1.0.15">>},1},
 {<<"goldrush">>,{pkg,<<"goldrush">>,<<"0.1.9">>},1},
 {<<"jsx">>,{pkg,<<"jsx">>,<<"2.8.2">>},0},
 {<<"lager">>,{pkg,<<"lager">>,<<"3.5.1">>},0},
 {<<"p1_utils">>,{pkg,<<"p1_utils">>,<<"1.0.9">>},1},
 {<<"ranch">>,{pkg,<<"ranch">>,<<"1.4.0">>},1},
 {<<"stun">>,{pkg,<<"stun">>,<<"1.0.14">>},0},
 {<<"syn">>,{pkg,<<"syn">>,<<"1.6.1">>},0}]}.
[
{pkg_hash,[
 {<<"cowboy">>, <<"A3B680BCC1156C6FBCB398CC56ADC35177037012D7DC28D8F7E7926D6C243561">>},
 {<<"cowlib">>, <<"C2977105473DFD520EC158EDB7FDA1AEB3EFA323192DD4533481DA0AE32950D4">>},
 {<<"fast_tls">>, <<"96546E6A8B8384FBBCDDF435C4C42CF2C0A3DC1858C3C9C2E62A74AE1DDD526A">>},
 {<<"goldrush">>, <<"F06E5D5F1277DA5C413E84D5A2924174182FB108DABB39D5EC548B27424CD106">>},
 {<<"jsx">>, <<"7ACC7D785B5ABE8A6E9ADBDE926A24E481F29956DD8B4DF49E3E4E7BCC92A018">>},
 {<<"lager">>, <<"63897A61AF646C59BB928FEE9756CE8BDD02D5A1A2F3551D4A5E38386C2CC071">>},
 {<<"p1_utils">>, <<"C33C230EFBEB4DCC02911161E3CB1A93231A92DF15E3FC97DE655A9271A26D9F">>},
 {<<"ranch">>, <<"10272F95DA79340FA7E8774BA7930B901713D272905D0012B06CA6D994F8826B">>},
 {<<"stun">>, <<"6DC2080C25A72F7087301DC7333C1EA7D27EA4D88EFAA379FC2B5924F3B17006">>},
 {<<"syn">>, <<"728A9C521B3815831259A98FDEC9C74875612A4D2854E324DD1EC5AD6DF4146E">>}]}
].
