{"1.1.0",
[{<<"cowboy">>,{pkg,<<"cowboy">>,<<"2.0.0">>},0},
 {<<"cowlib">>,{pkg,<<"cowlib">>,<<"2.0.1">>},1},
 {<<"fast_tls">>,
  {git,"https://github.com/processone/fast_tls",
       {ref,"3d4bcc9923c71f4bbdf6619a7c23c02df95c30f7"}},
  0},
 {<<"goldrush">>,{pkg,<<"goldrush">>,<<"0.1.9">>},1},
 {<<"jsx">>,{pkg,<<"jsx">>,<<"2.8.2">>},0},
 {<<"lager">>,{pkg,<<"lager">>,<<"3.5.1">>},0},
 {<<"p1_utils">>,{pkg,<<"p1_utils">>,<<"1.0.10">>},1},
 {<<"ranch">>,{pkg,<<"ranch">>,<<"1.4.0">>},1},
 {<<"stun">>,
  {git,"https://github.com/processone/stun.git",
       {ref,"564d571671eda0775caa662554caaafc2c22f813"}},
  0},
 {<<"syn">>,{pkg,<<"syn">>,<<"1.6.1">>},0},
 {<<"webrtc_server">>,
  {git,"https://github.com/lambdaclass/webrtc-server",
       {ref,"9ab3fba7e4162b3e5c587920794305c596913095"}},
  0}]}.
[
{pkg_hash,[
 {<<"cowboy">>, <<"A3B680BCC1156C6FBCB398CC56ADC35177037012D7DC28D8F7E7926D6C243561">>},
 {<<"cowlib">>, <<"4DFFFB1DB296EAB9F2E8B95EE3017007F674BC920CE30AEB5A53BBDA82FC38C0">>},
 {<<"goldrush">>, <<"F06E5D5F1277DA5C413E84D5A2924174182FB108DABB39D5EC548B27424CD106">>},
 {<<"jsx">>, <<"7ACC7D785B5ABE8A6E9ADBDE926A24E481F29956DD8B4DF49E3E4E7BCC92A018">>},
 {<<"lager">>, <<"63897A61AF646C59BB928FEE9756CE8BDD02D5A1A2F3551D4A5E38386C2CC071">>},
 {<<"p1_utils">>, <<"A6D6927114BAC79CF6468A10824125492034AF7071ADC6ED5EBC4DDB443845D4">>},
 {<<"ranch">>, <<"10272F95DA79340FA7E8774BA7930B901713D272905D0012B06CA6D994F8826B">>},
 {<<"syn">>, <<"728A9C521B3815831259A98FDEC9C74875612A4D2854E324DD1EC5AD6DF4146E">>}]}
].
